<?xml version="1.0" encoding="utf-8"?>
<Project ToolsVersion="4.0" xmlns="http://schemas.microsoft.com/developer/msbuild/2003">
  <ItemGroup>
    <ClCompile Include="..\source\BOSS.cpp">
      <Filter>common</Filter>
    </ClCompile>
    <ClCompile Include="..\source\ActionInProgress.cpp">
      <Filter>engine</Filter>
    </ClCompile>
    <ClCompile Include="..\source\BuildingData.cpp">
      <Filter>engine</Filter>
    </ClCompile>
    <ClCompile Include="..\source\GameState.cpp">
      <Filter>engine</Filter>
    </ClCompile>
    <ClCompile Include="..\source\UnitData.cpp">
      <Filter>engine</Filter>
    </ClCompile>
    <ClCompile Include="..\source\ActionType.cpp">
      <Filter>engine</Filter>
    </ClCompile>
    <ClCompile Include="..\source\ActionTypeData.cpp">
      <Filter>engine</Filter>
    </ClCompile>
    <ClCompile Include="..\source\PrerequisiteSet.cpp">
      <Filter>util</Filter>
    </ClCompile>
    <ClCompile Include="..\source\ActionSet.cpp">
      <Filter>util</Filter>
    </ClCompile>
    <ClCompile Include="..\source\Constants.cpp">
      <Filter>common</Filter>
    </ClCompile>
    <ClCompile Include="..\source\HatcheryData.cpp">
      <Filter>engine</Filter>
    </ClCompile>
    <ClCompile Include="..\source\BOSSLogger.cpp">
      <Filter>util</Filter>
    </ClCompile>
    <ClCompile Include="..\source\JSONTools.cpp">
      <Filter>util</Filter>
    </ClCompile>
    <ClCompile Include="..\source\BuildOrder.cpp">
      <Filter>util</Filter>
    </ClCompile>
    <ClCompile Include="..\source\BuildOrderPlot.cpp">
      <Filter>util</Filter>
    </ClCompile>
    <ClCompile Include="..\source\BOSSAssert.cpp">
      <Filter>common</Filter>
    </ClCompile>
    <ClCompile Include="..\source\BOSSException.cpp">
      <Filter>common</Filter>
    </ClCompile>
    <ClCompile Include="..\source\BuildOrderSearchService.cpp" />
  </ItemGroup>
  <ItemGroup>
    <ClInclude Include="..\source\Timer.hpp">
      <Filter>util</Filter>
    </ClInclude>
    <ClInclude Include="..\source\Common.h">
      <Filter>common</Filter>
    </ClInclude>
    <ClInclude Include="..\source\BOSS.h">
      <Filter>common</Filter>
    </ClInclude>
    <ClInclude Include="..\source\ActionInProgress.h">
      <Filter>engine</Filter>
    </ClInclude>
    <ClInclude Include="..\source\BuildingData.h">
      <Filter>engine</Filter>
    </ClInclude>
    <ClInclude Include="..\source\GameState.h">
      <Filter>engine</Filter>
    </ClInclude>
    <ClInclude Include="..\source\Array.hpp">
      <Filter>util</Filter>
    </ClInclude>
    <ClInclude Include="..\source\UnitData.h">
      <Filter>engine</Filter>
    </ClInclude>
    <ClInclude Include="..\source\BaseTypes.h">
      <Filter>common</Filter>
    </ClInclude>
    <ClInclude Include="..\source\ActionType.h">
      <Filter>engine</Filter>
    </ClInclude>
    <ClInclude Include="..\source\ActionTypeData.h">
      <Filter>engine</Filter>
    </ClInclude>
    <ClInclude Include="..\source\GraphViz.hpp">
      <Filter>util</Filter>
    </ClInclude>
    <ClInclude Include="..\source\Constants.h">
      <Filter>common</Filter>
    </ClInclude>
    <ClInclude Include="..\source\PrerequisiteSet.h">
      <Filter>util</Filter>
    </ClInclude>
    <ClInclude Include="..\source\ActionSet.h">
      <Filter>util</Filter>
    </ClInclude>
    <ClInclude Include="..\source\HatcheryData.h">
      <Filter>engine</Filter>
    </ClInclude>
    <ClInclude Include="..\source\BOSSLogger.h">
      <Filter>util</Filter>
    </ClInclude>
    <ClInclude Include="..\source\JSONTools.h">
      <Filter>util</Filter>
    </ClInclude>
    <ClInclude Include="..\source\BuildOrder.h">
      <Filter>util</Filter>
    </ClInclude>
    <ClInclude Include="..\source\BuildOrderPlot.h">
      <Filter>util</Filter>
    </ClInclude>
    <ClInclude Include="..\source\BOSSAssert.h">
      <Filter>common</Filter>
    </ClInclude>
    <ClInclude Include="..\source\BOSSException.h">
      <Filter>common</Filter>
    </ClInclude>
    <ClInclude Include="..\source\BuildOrderSearchService.h" />
  </ItemGroup>
  <ItemGroup>
    <Filter Include="util">
      <UniqueIdentifier>{c90b8009-1e1e-42e5-a28e-017e8e72cfe1}</UniqueIdentifier>
    </Filter>
    <Filter Include="common">
      <UniqueIdentifier>{f458ce38-5149-4277-8582-e76bc9eaab52}</UniqueIdentifier>
    </Filter>
    <Filter Include="engine">
      <UniqueIdentifier>{975df5db-5385-4879-9a2a-e0f7d4354574}</UniqueIdentifier>
    </Filter>
  </ItemGroup>
  <ItemGroup>
    <None Include="ClassDiagram.cd" />
  </ItemGroup>
</Project>